
Microsoft Visual Studio Solution File, Format Version 12.00
# Visual Studio Version 17
VisualStudioVersion = 17.5.002.0
MinimumVisualStudioVersion = 10.0.40219.1
Project("{9A19103F-16F7-4668-BE54-9A1E7A4F7556}") = "Aula29MVCDB", "Aula29MVCDB.csproj", "{C5993594-93F4-431E-AE38-D49202250EF2}"
EndProject
Global
	GlobalSection(SolutionConfigurationPlatforms) = preSolution
		Debug|Any CPU = Debug|Any CPU
		Release|Any CPU = Release|Any CPU
	EndGlobalSection
	GlobalSection(ProjectConfigurationPlatforms) = postSolution
		{C5993594-93F4-431E-AE38-D49202250EF2}.Debug|Any CPU.ActiveCfg = Debug|Any CPU
		{C5993594-93F4-431E-AE38-D49202250EF2}.Debug|Any CPU.Build.0 = Debug|Any CPU
		{C5993594-93F4-431E-AE38-D49202250EF2}.Release|Any CPU.ActiveCfg = Release|Any CPU
		{C5993594-93F4-431E-AE38-D49202250EF2}.Release|Any CPU.Build.0 = Release|Any CPU
	EndGlobalSection
	GlobalSection(SolutionProperties) = preSolution
		HideSolutionNode = FALSE
	EndGlobalSection
	GlobalSection(ExtensibilityGlobals) = postSolution
		SolutionGuid = {CE6CBEA2-17D0-4C01-A018-E622BCFAC54C}
	EndGlobalSection
EndGlobal
